
Microsoft Visual Studio Solution File, Format Version 12.00
Project("{FAE04EC0-301F-11D3-BF4B-00C04F79EFBC}") = "DoomBot", "DoomBot\DoomBot.csproj", "{451A2980-1836-4502-987E-C912E3B48B6E}"
EndProject
Global
	GlobalSection(SolutionConfigurationPlatforms) = preSolution
		Debug|Any CPU = Debug|Any CPU
		Release|Any CPU = Release|Any CPU
	EndGlobalSection
	GlobalSection(ProjectConfigurationPlatforms) = postSolution
		{451A2980-1836-4502-987E-C912E3B48B6E}.Debug|Any CPU.ActiveCfg = Debug|Any CPU
		{451A2980-1836-4502-987E-C912E3B48B6E}.Debug|Any CPU.Build.0 = Debug|Any CPU
		{451A2980-1836-4502-987E-C912E3B48B6E}.Release|Any CPU.ActiveCfg = Release|Any CPU
		{451A2980-1836-4502-987E-C912E3B48B6E}.Release|Any CPU.Build.0 = Release|Any CPU
	EndGlobalSection
EndGlobal
